
Microsoft Visual Studio Solution File, Format Version 12.00
# Visual Studio Version 17
VisualStudioVersion = 17.0.31903.59
MinimumVisualStudioVersion = 10.0.40219.1
Project("{FAE04EC0-301F-11D3-BF4B-00C04F79EFBC}") = "WeddingApi", "WeddingApi\WeddingApi.csproj", "{AF6CC7BA-6FBC-48A6-B19E-216EA8D78802}"
EndProject
Project("{FAE04EC0-301F-11D3-BF4B-00C04F79EFBC}") = "WeddingApi.UnitTests", "WeddingApi.UnitTests\WeddingApi.UnitTests.csproj", "{A51BA7C6-6B8D-49E6-99D5-5EEF00ECBE3E}"
EndProject
Project("{FAE04EC0-301F-11D3-BF4B-00C04F79EFBC}") = "WeddingApi.IntegrationTests", "WeddingApi.IntegrationTests\WeddingApi.IntegrationTests.csproj", "{8965A3D9-F154-46B5-9DD7-1BFEDA4F4083}"
EndProject
Global
	GlobalSection(SolutionConfigurationPlatforms) = preSolution
		Debug|Any CPU = Debug|Any CPU
		Debug|x64 = Debug|x64
		Debug|x86 = Debug|x86
		Release|Any CPU = Release|Any CPU
		Release|x64 = Release|x64
		Release|x86 = Release|x86
	EndGlobalSection
	GlobalSection(ProjectConfigurationPlatforms) = postSolution
		{AF6CC7BA-6FBC-48A6-B19E-216EA8D78802}.Debug|Any CPU.ActiveCfg = Debug|Any CPU
		{AF6CC7BA-6FBC-48A6-B19E-216EA8D78802}.Debug|Any CPU.Build.0 = Debug|Any CPU
		{AF6CC7BA-6FBC-48A6-B19E-216EA8D78802}.Debug|x64.ActiveCfg = Debug|Any CPU
		{AF6CC7BA-6FBC-48A6-B19E-216EA8D78802}.Debug|x64.Build.0 = Debug|Any CPU
		{AF6CC7BA-6FBC-48A6-B19E-216EA8D78802}.Debug|x86.ActiveCfg = Debug|Any CPU
		{AF6CC7BA-6FBC-48A6-B19E-216EA8D78802}.Debug|x86.Build.0 = Debug|Any CPU
		{AF6CC7BA-6FBC-48A6-B19E-216EA8D78802}.Release|Any CPU.ActiveCfg = Release|Any CPU
		{AF6CC7BA-6FBC-48A6-B19E-216EA8D78802}.Release|Any CPU.Build.0 = Release|Any CPU
		{AF6CC7BA-6FBC-48A6-B19E-216EA8D78802}.Release|x64.ActiveCfg = Release|Any CPU
		{AF6CC7BA-6FBC-48A6-B19E-216EA8D78802}.Release|x64.Build.0 = Release|Any CPU
		{AF6CC7BA-6FBC-48A6-B19E-216EA8D78802}.Release|x86.ActiveCfg = Release|Any CPU
		{AF6CC7BA-6FBC-48A6-B19E-216EA8D78802}.Release|x86.Build.0 = Release|Any CPU
		{A51BA7C6-6B8D-49E6-99D5-5EEF00ECBE3E}.Debug|Any CPU.ActiveCfg = Debug|Any CPU
		{A51BA7C6-6B8D-49E6-99D5-5EEF00ECBE3E}.Debug|Any CPU.Build.0 = Debug|Any CPU
		{A51BA7C6-6B8D-49E6-99D5-5EEF00ECBE3E}.Debug|x64.ActiveCfg = Debug|Any CPU
		{A51BA7C6-6B8D-49E6-99D5-5EEF00ECBE3E}.Debug|x64.Build.0 = Debug|Any CPU
		{A51BA7C6-6B8D-49E6-99D5-5EEF00ECBE3E}.Debug|x86.ActiveCfg = Debug|Any CPU
		{A51BA7C6-6B8D-49E6-99D5-5EEF00ECBE3E}.Debug|x86.Build.0 = Debug|Any CPU
		{A51BA7C6-6B8D-49E6-99D5-5EEF00ECBE3E}.Release|Any CPU.ActiveCfg = Release|Any CPU
		{A51BA7C6-6B8D-49E6-99D5-5EEF00ECBE3E}.Release|Any CPU.Build.0 = Release|Any CPU
		{A51BA7C6-6B8D-49E6-99D5-5EEF00ECBE3E}.Release|x64.ActiveCfg = Release|Any CPU
		{A51BA7C6-6B8D-49E6-99D5-5EEF00ECBE3E}.Release|x64.Build.0 = Release|Any CPU
		{A51BA7C6-6B8D-49E6-99D5-5EEF00ECBE3E}.Release|x86.ActiveCfg = Release|Any CPU
		{A51BA7C6-6B8D-49E6-99D5-5EEF00ECBE3E}.Release|x86.Build.0 = Release|Any CPU
		{8965A3D9-F154-46B5-9DD7-1BFEDA4F4083}.Debug|Any CPU.ActiveCfg = Debug|Any CPU
		{8965A3D9-F154-46B5-9DD7-1BFEDA4F4083}.Debug|Any CPU.Build.0 = Debug|Any CPU
		{8965A3D9-F154-46B5-9DD7-1BFEDA4F4083}.Debug|x64.ActiveCfg = Debug|Any CPU
		{8965A3D9-F154-46B5-9DD7-1BFEDA4F4083}.Debug|x64.Build.0 = Debug|Any CPU
		{8965A3D9-F154-46B5-9DD7-1BFEDA4F4083}.Debug|x86.ActiveCfg = Debug|Any CPU
		{8965A3D9-F154-46B5-9DD7-1BFEDA4F4083}.Debug|x86.Build.0 = Debug|Any CPU
		{8965A3D9-F154-46B5-9DD7-1BFEDA4F4083}.Release|Any CPU.ActiveCfg = Release|Any CPU
		{8965A3D9-F154-46B5-9DD7-1BFEDA4F4083}.Release|Any CPU.Build.0 = Release|Any CPU
		{8965A3D9-F154-46B5-9DD7-1BFEDA4F4083}.Release|x64.ActiveCfg = Release|Any CPU
		{8965A3D9-F154-46B5-9DD7-1BFEDA4F4083}.Release|x64.Build.0 = Release|Any CPU
		{8965A3D9-F154-46B5-9DD7-1BFEDA4F4083}.Release|x86.ActiveCfg = Release|Any CPU
		{8965A3D9-F154-46B5-9DD7-1BFEDA4F4083}.Release|x86.Build.0 = Release|Any CPU
	EndGlobalSection
	GlobalSection(SolutionProperties) = preSolution
		HideSolutionNode = FALSE
	EndGlobalSection
EndGlobal
